{
  "name": "nanobpm-website-snippets",
  "version": "0.0.0",
  "lockfileVersion": 3,
  "requires": true,
  "packages": {
    "": {
      "name": "nanobpm-website-snippets",
      "version": "0.0.0",
      "devDependencies": {
        "@nanobpm/workflow": "0.7.0",
        "typescript": "^5.6.0"
      }
    },
    "node_modules/@camunda8/orchestration-cluster-api": {
      "version": "10.0.0-alpha.20",
      "resolved": "https://registry.npmjs.org/@camunda8/orchestration-cluster-api/-/orchestration-cluster-api-10.0.0-alpha.20.tgz",
      "integrity": "sha512-QIqwCR5S15LvO1/Sgz+tu1APYjdam/0VBDIvAaAYRTf6JEOoeJ8H1hY3q8dtGh4bBMN4qQUrv1+rjGn17ndkXQ==",
      "dev": true,
      "license": "Apache-2.0",
      "dependencies": {
        "typed-env": "^2.0.0",
        "zod": "^4"
      },
      "engines": {
        "node": ">=22"
      },
      "peerDependencies": {
        "fp-ts": "^2.16.11"
      },
      "peerDependenciesMeta": {
        "fp-ts": {
          "optional": true
        }
      }
    },
    "node_modules/@nanobpm/nano-sdk": {
      "version": "1.2.2",
      "resolved": "https://registry.npmjs.org/@nanobpm/nano-sdk/-/nano-sdk-1.2.2.tgz",
      "integrity": "sha512-OFDtRUAK7ybldimob9AA8DFYRHvHBg9Vg/30p8Howos8gGQCUyKTyYxAZ+jKfshu0AGhFN2ttNtbYvBkXKBGAw==",
      "dev": true,
      "license": "Apache-2.0",
      "dependencies": {
        "@camunda8/orchestration-cluster-api": "10.0.0-alpha.20",
        "ws": "^8.18.0"
      },
      "engines": {
        "node": ">=18"
      }
    },
    "node_modules/@nanobpm/workflow": {
      "version": "0.7.0",
      "resolved": "https://registry.npmjs.org/@nanobpm/workflow/-/workflow-0.7.0.tgz",
      "integrity": "sha512-OYLDEU1dGQFM3WCI/8MOEyu0GdjWyD827wa2IbaXh4DBq0G/RmjT6EicZTr+QiFRB2iPQcgurg++HFZSJSgqRw==",
      "dev": true,
      "license": "Apache-2.0",
      "dependencies": {
        "@nanobpm/nano-sdk": "^1.2.0"
      },
      "engines": {
        "node": ">=22.6"
      },
      "peerDependencies": {
        "bpmn-auto-layout": "^2.0.0-alpha.2"
      },
      "peerDependenciesMeta": {
        "bpmn-auto-layout": {
          "optional": true
        }
      }
    },
    "node_modules/typed-env": {
      "version": "2.0.0",
      "resolved": "https://registry.npmjs.org/typed-env/-/typed-env-2.0.0.tgz",
      "integrity": "sha512-9nP+7+pctDlpFNKS4nkXPVkCOdAj7Ax8QeHhQkQ0hEGzsJ5ClgfhjwGN89q6s/EukHqyq9rDRzZ2yctCIEJGxA==",
      "dev": true,
      "license": "MIT",
      "engines": {
        "node": "^14.18.0 || >=16.0.0"
      }
    },
    "node_modules/typescript": {
      "version": "5.9.3",
      "resolved": "https://registry.npmjs.org/typescript/-/typescript-5.9.3.tgz",
      "integrity": "sha512-jl1vZzPDinLr9eUt3J/t7V6FgNEw9QjvBPdysz9KfQDD41fQrC2Y4vKQdiaUpFT4bXlb1RHhLpp8wtm6M5TgSw==",
      "dev": true,
      "license": "Apache-2.0",
      "bin": {
        "tsc": "bin/tsc",
        "tsserver": "bin/tsserver"
      },
      "engines": {
        "node": ">=14.17"
      }
    },
    "node_modules/ws": {
      "version": "8.21.1",
      "resolved": "https://registry.npmjs.org/ws/-/ws-8.21.1.tgz",
      "integrity": "sha512-+0NTnW77fFN/DjQi6k/Sq/Yvk4Sgajw7urW8V+asjXnRgDs9gyGkdb7EzgfhA4goXsRIZKE28fzIXBHEzhuiWw==",
      "dev": true,
      "license": "MIT",
      "engines": {
        "node": ">=10.0.0"
      },
      "peerDependencies": {
        "bufferutil": "^4.0.1",
        "utf-8-validate": ">=5.0.2"
      },
      "peerDependenciesMeta": {
        "bufferutil": {
          "optional": true
        },
        "utf-8-validate": {
          "optional": true
        }
      }
    },
    "node_modules/zod": {
      "version": "4.4.3",
      "resolved": "https://registry.npmjs.org/zod/-/zod-4.4.3.tgz",
      "integrity": "sha512-ytENFjIJFl2UwYglde2jchW2Hwm4GJFLDiSXWdTrJQBIN9Fcyp7n4DhxJEiWNAJMV1/BqWfW/kkg71UDcHJyTQ==",
      "dev": true,
      "license": "MIT",
      "funding": {
        "url": "https://github.com/sponsors/colinhacks"
      }
    }
  }
}
